// !$*UTF8*$!
{
	archiveVersion = 1;
	classes = {
	};
	objectVersion = 51;
	objects = {

/* Begin PBXBuildFile section */
		13C72B179EAE19F38D29FCFB /* Pods_Assignment3.framework in Frameworks */ = {isa = PBXBuildFile; fileRef = B1690D7FE11C1C24283E6365 /* Pods_Assignment3.framework */; };
		6F19915F26B31E0900C23040 /* FoodNetwork.swift in Sources */ = {isa = PBXBuildFile; fileRef = 6F19915E26B31E0900C23040 /* FoodNetwork.swift */; };
		6F745DBA26B2E1D70084D678 /* AppDelegate.swift in Sources */ = {isa = PBXBuildFile; fileRef = 6F745DB926B2E1D70084D678 /* AppDelegate.swift */; };
		6F745DBC26B2E1D70084D678 /* SceneDelegate.swift in Sources */ = {isa = PBXBuildFile; fileRef = 6F745DBB26B2E1D70084D678 /* SceneDelegate.swift */; };
		6F745DBE26B2E1D70084D678 /* ViewController.swift in Sources */ = {isa = PBXBuildFile; fileRef = 6F745DBD26B2E1D70084D678 /* ViewController.swift */; };
		6F745DC126B2E1D70084D678 /* Main.storyboard in Resources */ = {isa = PBXBuildFile; fileRef = 6F745DBF26B2E1D70084D678 /* Main.storyboard */; };
		6F745DC326B2E1D80084D678 /* Assets.xcassets in Resources */ = {isa = PBXBuildFile; fileRef = 6F745DC226B2E1D80084D678 /* Assets.xcassets */; };
		6F745DC626B2E1D80084D678 /* LaunchScreen.storyboard in Resources */ = {isa = PBXBuildFile; fileRef = 6F745DC426B2E1D80084D678 /* LaunchScreen.storyboard */; };
		6FF46BBC26B322C3006CE1B8 /* FoodResult.swift in Sources */ = {isa = PBXBuildFile; fileRef = 6FF46BBB26B322C3006CE1B8 /* FoodResult.swift */; };
		6FF46BC126B337DB006CE1B8 /* FoodCell.swift in Sources */ = {isa = PBXBuildFile; fileRef = 6FF46BBF26B337DB006CE1B8 /* FoodCell.swift */; };
		6FF46BC226B337DB006CE1B8 /* FoodCell.xib in Resources */ = {isa = PBXBuildFile; fileRef = 6FF46BC026B337DB006CE1B8 /* FoodCell.xib */; };
		6FF46BC526B33833006CE1B8 /* FoodViewController.swift in Sources */ = {isa = PBXBuildFile; fileRef = 6FF46BC426B33833006CE1B8 /* FoodViewController.swift */; };
		6FF46BCA26B33B48006CE1B8 /* Constants.swift in Sources */ = {isa = PBXBuildFile; fileRef = 6FF46BC926B33B48006CE1B8 /* Constants.swift */; };
/* End PBXBuildFile section */

/* Begin PBXFileReference section */
		2E472A25EEF087FF7FF711D1 /* Pods-Assignment3.release.xcconfig */ = {isa = PBXFileReference; includeInIndex = 1; lastKnownFileType = text.xcconfig; name = "Pods-Assignment3.release.xcconfig"; path = "Target Support Files/Pods-Assignment3/Pods-Assignment3.release.xcconfig"; sourceTree = "<group>"; };
		6F19915E26B31E0900C23040 /* FoodNetwork.swift */ = {isa = PBXFileReference; lastKnownFileType = sourcecode.swift; path = FoodNetwork.swift; sourceTree = "<group>"; };
		6F745DB626B2E1D70084D678 /* Assignment3.app */ = {isa = PBXFileReference; explicitFileType = wrapper.application; includeInIndex = 0; path = Assignment3.app; sourceTree = BUILT_PRODUCTS_DIR; };
		6F745DB926B2E1D70084D678 /* AppDelegate.swift */ = {isa = PBXFileReference; lastKnownFileType = sourcecode.swift; path = AppDelegate.swift; sourceTree = "<group>"; };
		6F745DBB26B2E1D70084D678 /* SceneDelegate.swift */ = {isa = PBXFileReference; lastKnownFileType = sourcecode.swift; path = SceneDelegate.swift; sourceTree = "<group>"; };
		6F745DBD26B2E1D70084D678 /* ViewController.swift */ = {isa = PBXFileReference; lastKnownFileType = sourcecode.swift; path = ViewController.swift; sourceTree = "<group>"; };
		6F745DC026B2E1D70084D678 /* Base */ = {isa = PBXFileReference; lastKnownFileType = file.storyboard; name = Base; path = Base.lproj/Main.storyboard; sourceTree = "<group>"; };
		6F745DC226B2E1D80084D678 /* Assets.xcassets */ = {isa = PBXFileReference; lastKnownFileType = folder.assetcatalog; path = Assets.xcassets; sourceTree = "<group>"; };
		6F745DC526B2E1D80084D678 /* Base */ = {isa = PBXFileReference; lastKnownFileType = file.storyboard; name = Base; path = Base.lproj/LaunchScreen.storyboard; sourceTree = "<group>"; };
		6F745DC726B2E1D80084D678 /* Info.plist */ = {isa = PBXFileReference; lastKnownFileType = text.plist.xml; path = Info.plist; sourceTree = "<group>"; };
		6FF46BBB26B322C3006CE1B8 /* FoodResult.swift */ = {isa = PBXFileReference; lastKnownFileType = sourcecode.swift; path = FoodResult.swift; sourceTree = "<group>"; };
		6FF46BBF26B337DB006CE1B8 /* FoodCell.swift */ = {isa = PBXFileReference; lastKnownFileType = sourcecode.swift; path = FoodCell.swift; sourceTree = "<group>"; };
		6FF46BC026B337DB006CE1B8 /* FoodCell.xib */ = {isa = PBXFileReference; lastKnownFileType = file.xib; path = FoodCell.xib; sourceTree = "<group>"; };
		6FF46BC426B33833006CE1B8 /* FoodViewController.swift */ = {isa = PBXFileReference; lastKnownFileType = sourcecode.swift; path = FoodViewController.swift; sourceTree = "<group>"; };
		6FF46BC926B33B48006CE1B8 /* Constants.swift */ = {isa = PBXFileReference; lastKnownFileType = sourcecode.swift; path = Constants.swift; sourceTree = "<group>"; };
		89FECBC31D8C4079DC8132BC /* Pods-Assignment3.debug.xcconfig */ = {isa = PBXFileReference; includeInIndex = 1; lastKnownFileType = text.xcconfig; name = "Pods-Assignment3.debug.xcconfig"; path = "Target Support Files/Pods-Assignment3/Pods-Assignment3.debug.xcconfig"; sourceTree = "<group>"; };
		B1690D7FE11C1C24283E6365 /* Pods_Assignment3.framework */ = {isa = PBXFileReference; explicitFileType = wrapper.framework; includeInIndex = 0; path = Pods_Assignment3.framework; sourceTree = BUILT_PRODUCTS_DIR; };
/* End PBXFileReference section */

/* Begin PBXFrameworksBuildPhase section */
		6F745DB326B2E1D70084D678 /* Frameworks */ = {
			isa = PBXFrameworksBuildPhase;
			buildActionMask = 2147483647;
			files = (
				13C72B179EAE19F38D29FCFB /* Pods_Assignment3.framework in Frameworks */,
			);
			runOnlyForDeploymentPostprocessing = 0;
		};
/* End PBXFrameworksBuildPhase section */

/* Begin PBXGroup section */
		181D829F9A85A76AA6A5EF4D /* Pods */ = {
			isa = PBXGroup;
			children = (
				89FECBC31D8C4079DC8132BC /* Pods-Assignment3.debug.xcconfig */,
				2E472A25EEF087FF7FF711D1 /* Pods-Assignment3.release.xcconfig */,
			);
			path = Pods;
			sourceTree = "<group>";
		};
		6F19915B26B31DD300C23040 /* Model */ = {
			isa = PBXGroup;
			children = (
				6F19915E26B31E0900C23040 /* FoodNetwork.swift */,
				6FF46BBB26B322C3006CE1B8 /* FoodResult.swift */,
			);
			path = Model;
			sourceTree = "<group>";
		};
		6F19915C26B31DDB00C23040 /* View */ = {
			isa = PBXGroup;
			children = (
				6FF46BC026B337DB006CE1B8 /* FoodCell.xib */,
				6F745DBF26B2E1D70084D678 /* Main.storyboard */,
			);
			path = View;
			sourceTree = "<group>";
		};
		6F19915D26B31DDF00C23040 /* Control */ = {
			isa = PBXGroup;
			children = (
				6F745DBD26B2E1D70084D678 /* ViewController.swift */,
				6FF46BBF26B337DB006CE1B8 /* FoodCell.swift */,
				6FF46BC426B33833006CE1B8 /* FoodViewController.swift */,
			);
			path = Control;
			sourceTree = "<group>";
		};
		6F745DAD26B2E1D60084D678 = {
			isa = PBXGroup;
			children = (
				6F745DB826B2E1D70084D678 /* Assignment3 */,
				6F745DB726B2E1D70084D678 /* Products */,
				181D829F9A85A76AA6A5EF4D /* Pods */,
				CCB9D2085C449442DB78EFDE /* Frameworks */,
			);
			sourceTree = "<group>";
		};
		6F745DB726B2E1D70084D678 /* Products */ = {
			isa = PBXGroup;
			children = (
				6F745DB626B2E1D70084D678 /* Assignment3.app */,
			);
			name = Products;
			sourceTree = "<group>";
		};
		6F745DB826B2E1D70084D678 /* Assignment3 */ = {
			isa = PBXGroup;
			children = (
				6F19915D26B31DDF00C23040 /* Control */,
				6F19915C26B31DDB00C23040 /* View */,
				6F19915B26B31DD300C23040 /* Model */,
				6F745DB926B2E1D70084D678 /* AppDelegate.swift */,
				6FF46BC926B33B48006CE1B8 /* Constants.swift */,
				6F745DBB26B2E1D70084D678 /* SceneDelegate.swift */,
				6F745DC226B2E1D80084D678 /* Assets.xcassets */,
				6F745DC426B2E1D80084D678 /* LaunchScreen.storyboard */,
				6F745DC726B2E1D80084D678 /* Info.plist */,
			);
			path = Assignment3;
			sourceTree = "<group>";
		};
		CCB9D2085C449442DB78EFDE /* Frameworks */ = {
			isa = PBXGroup;
			children = (
				B1690D7FE11C1C24283E6365 /* Pods_Assignment3.framework */,
			);
			name = Frameworks;
			sourceTree = "<group>";
		};
/* End PBXGroup section */

/* Begin PBXNativeTarget section */
		6F745DB526B2E1D70084D678 /* Assignment3 */ = {
			isa = PBXNativeTarget;
			buildConfigurationList = 6F745DCA26B2E1D80084D678 /* Build configuration list for PBXNativeTarget "Assignment3" */;
			buildPhases = (
				29B38894829821E31009BA2A /* [CP] Check Pods Manifest.lock */,
				6F745DB226B2E1D70084D678 /* Sources */,
				6F745DB326B2E1D70084D678 /* Frameworks */,
				6F745DB426B2E1D70084D678 /* Resources */,
				ED6305394579CD3D69716748 /* [CP] Embed Pods Frameworks */,
			);
			buildRules = (
			);
			dependencies = (
			);
			name = Assignment3;
			productName = Assignment3;
			productReference = 6F745DB626B2E1D70084D678 /* Assignment3.app */;
			productType = "com.apple.product-type.application";
		};
/* End PBXNativeTarget section */

/* Begin PBXProject section */
		6F745DAE26B2E1D60084D678 /* Project object */ = {
			isa = PBXProject;
			attributes = {
				LastSwiftUpdateCheck = 1240;
				LastUpgradeCheck = 1240;
				TargetAttributes = {
					6F745DB526B2E1D70084D678 = {
						CreatedOnToolsVersion = 12.4;
					};
				};
			};
			buildConfigurationList = 6F745DB126B2E1D60084D678 /* Build configuration list for PBXProject "Assignment3" */;
			compatibilityVersion = "Xcode 9.3";
			developmentRegion = en;
			hasScannedForEncodings = 0;
			knownRegions = (
				en,
				Base,
			);
			mainGroup = 6F745DAD26B2E1D60084D678;
			productRefGroup = 6F745DB726B2E1D70084D678 /* Products */;
			projectDirPath = "";
			projectRoot = "";
			targets = (
				6F745DB526B2E1D70084D678 /* Assignment3 */,
			);
		};
/* End PBXProject section */

/* Begin PBXResourcesBuildPhase section */
		6F745DB426B2E1D70084D678 /* Resources */ = {
			isa = PBXResourcesBuildPhase;
			buildActionMask = 2147483647;
			files = (
				6F745DC626B2E1D80084D678 /* LaunchScreen.storyboard in Resources */,
				6FF46BC226B337DB006CE1B8 /* FoodCell.xib in Resources */,
				6F745DC326B2E1D80084D678 /* Assets.xcassets in Resources */,
				6F745DC126B2E1D70084D678 /* Main.storyboard in Resources */,
			);
			runOnlyForDeploymentPostprocessing = 0;
		};
/* End PBXResourcesBuildPhase section */

/* Begin PBXShellScriptBuildPhase section */
		29B38894829821E31009BA2A /* [CP] Check Pods Manifest.lock */ = {
			isa = PBXShellScriptBuildPhase;
			buildActionMask = 2147483647;
			files = (
			);
			inputFileListPaths = (
			);
			inputPaths = (
				"${PODS_PODFILE_DIR_PATH}/Podfile.lock",
				"${PODS_ROOT}/Manifest.lock",
			);
			name = "[CP] Check Pods Manifest.lock";
			outputFileListPaths = (
			);
			outputPaths = (
				"$(DERIVED_FILE_DIR)/Pods-Assignment3-checkManifestLockResult.txt",
			);
			runOnlyForDeploymentPostprocessing = 0;
			shellPath = /bin/sh;
			shellScript = "diff \"${PODS_PODFILE_DIR_PATH}/Podfile.lock\" \"${PODS_ROOT}/Manifest.lock\" > /dev/null\nif [ $? != 0 ] ; then\n    # print error to STDERR\n    echo \"error: The sandbox is not in sync with the Podfile.lock. Run 'pod install' or update your CocoaPods installation.\" >&2\n    exit 1\nfi\n# This output is used by Xcode 'outputs' to avoid re-running this script phase.\necho \"SUCCESS\" > \"${SCRIPT_OUTPUT_FILE_0}\"\n";
			showEnvVarsInLog = 0;
		};
		ED6305394579CD3D69716748 /* [CP] Embed Pods Frameworks */ = {
			isa = PBXShellScriptBuildPhase;
			buildActionMask = 2147483647;
			files = (
			);
			inputFileListPaths = (
				"${PODS_ROOT}/Target Support Files/Pods-Assignment3/Pods-Assignment3-frameworks-${CONFIGURATION}-input-files.xcfilelist",
			);
			name = "[CP] Embed Pods Frameworks";
			outputFileListPaths = (
				"${PODS_ROOT}/Target Support Files/Pods-Assignment3/Pods-Assignment3-frameworks-${CONFIGURATION}-output-files.xcfilelist",
			);
			runOnlyForDeploymentPostprocessing = 0;
			shellPath = /bin/sh;
			shellScript = "\"${PODS_ROOT}/Target Support Files/Pods-Assignment3/Pods-Assignment3-frameworks.sh\"\n";
			showEnvVarsInLog = 0;
		};
/* End PBXShellScriptBuildPhase section */

/* Begin PBXSourcesBuildPhase section */
		6F745DB226B2E1D70084D678 /* Sources */ = {
			isa = PBXSourcesBuildPhase;
			buildActionMask = 2147483647;
			files = (
				6F745DBE26B2E1D70084D678 /* ViewController.swift in Sources */,
				6FF46BC526B33833006CE1B8 /* FoodViewController.swift in Sources */,
				6FF46BC126B337DB006CE1B8 /* FoodCell.swift in Sources */,
				6F745DBA26B2E1D70084D678 /* AppDelegate.swift in Sources */,
				6FF46BBC26B322C3006CE1B8 /* FoodResult.swift in Sources */,
				6F19915F26B31E0900C23040 /* FoodNetwork.swift in Sources */,
				6F745DBC26B2E1D70084D678 /* SceneDelegate.swift in Sources */,
				6FF46BCA26B33B48006CE1B8 /* Constants.swift in Sources */,
			);
			runOnlyForDeploymentPostprocessing = 0;
		};
/* End PBXSourcesBuildPhase section */

/* Begin PBXVariantGroup section */
		6F745DBF26B2E1D70084D678 /* Main.storyboard */ = {
			isa = PBXVariantGroup;
			children = (
				6F745DC026B2E1D70084D678 /* Base */,
			);
			name = Main.storyboard;
			sourceTree = "<group>";
		};
		6F745DC426B2E1D80084D678 /* LaunchScreen.storyboard */ = {
			isa = PBXVariantGroup;
			children = (
				6F745DC526B2E1D80084D678 /* Base */,
			);
			name = LaunchScreen.storyboard;
			sourceTree = "<group>";
		};
/* End PBXVariantGroup section */

/* Begin XCBuildConfiguration section */
		6F745DC826B2E1D80084D678 /* Debug */ = {
			isa = XCBuildConfiguration;
			buildSettings = {
				ALWAYS_SEARCH_USER_PATHS = NO;
				CLANG_ANALYZER_NONNULL = YES;
				CLANG_ANALYZER_NUMBER_OBJECT_CONVERSION = YES_AGGRESSIVE;
				CLANG_CXX_LANGUAGE_STANDARD = "gnu++14";
				CLANG_CXX_LIBRARY = "libc++";
				CLANG_ENABLE_MODULES = YES;
				CLANG_ENABLE_OBJC_ARC = YES;
				CLANG_ENABLE_OBJC_WEAK = YES;
				CLANG_WARN_BLOCK_CAPTURE_AUTORELEASING = YES;
				CLANG_WARN_BOOL_CONVERSION = YES;
				CLANG_WARN_COMMA = YES;
				CLANG_WARN_CONSTANT_CONVERSION = YES;
				CLANG_WARN_DEPRECATED_OBJC_IMPLEMENTATIONS = YES;
				CLANG_WARN_DIRECT_OBJC_ISA_USAGE = YES_ERROR;
				CLANG_WARN_DOCUMENTATION_COMMENTS = YES;
				CLANG_WARN_EMPTY_BODY = YES;
				CLANG_WARN_ENUM_CONVERSION = YES;
				CLANG_WARN_INFINITE_RECURSION = YES;
				CLANG_WARN_INT_CONVERSION = YES;
				CLANG_WARN_NON_LITERAL_NULL_CONVERSION = YES;
				CLANG_WARN_OBJC_IMPLICIT_RETAIN_SELF = YES;
				CLANG_WARN_OBJC_LITERAL_CONVERSION = YES;
				CLANG_WARN_OBJC_ROOT_CLASS = YES_ERROR;
				CLANG_WARN_QUOTED_INCLUDE_IN_FRAMEWORK_HEADER = YES;
				CLANG_WARN_RANGE_LOOP_ANALYSIS = YES;
				CLANG_WARN_STRICT_PROTOTYPES = YES;
				CLANG_WARN_SUSPICIOUS_MOVE = YES;
				CLANG_WARN_UNGUARDED_AVAILABILITY = YES_AGGRESSIVE;
				CLANG_WARN_UNREACHABLE_CODE = YES;
				CLANG_WARN__DUPLICATE_METHOD_MATCH = YES;
				COPY_PHASE_STRIP = NO;
				DEBUG_INFORMATION_FORMAT = dwarf;
				ENABLE_STRICT_OBJC_MSGSEND = YES;
				ENABLE_TESTABILITY = YES;
				GCC_C_LANGUAGE_STANDARD = gnu11;
				GCC_DYNAMIC_NO_PIC = NO;
				GCC_NO_COMMON_BLOCKS = YES;
				GCC_OPTIMIZATION_LEVEL = 0;
				GCC_PREPROCESSOR_DEFINITIONS = (
					"DEBUG=1",
					"$(inherited)",
				);
				GCC_WARN_64_TO_32_BIT_CONVERSION = YES;
				GCC_WARN_ABOUT_RETURN_TYPE = YES_ERROR;
				GCC_WARN_UNDECLARED_SELECTOR = YES;
				GCC_WARN_UNINITIALIZED_AUTOS = YES_AGGRESSIVE;
				GCC_WARN_UNUSED_FUNCTION = YES;
				GCC_WARN_UNUSED_VARIABLE = YES;
				IPHONEOS_DEPLOYMENT_TARGET = 14.4;
				MTL_ENABLE_DEBUG_INFO = INCLUDE_SOURCE;
				MTL_FAST_MATH = YES;
				ONLY_ACTIVE_ARCH = YES;
				SDKROOT = iphoneos;
				SWIFT_ACTIVE_COMPILATION_CONDITIONS = DEBUG;
				SWIFT_OPTIMIZATION_LEVEL = "-Onone";
			};
			name = Debug;
		};
		6F745DC926B2E1D80084D678 /* Release */ = {
			isa = XCBuildConfiguration;
			buildSettings = {
				ALWAYS_SEARCH_USER_PATHS = NO;
				CLANG_ANALYZER_NONNULL = YES;
				CLANG_ANALYZER_NUMBER_OBJECT_CONVERSION = YES_AGGRESSIVE;
				CLANG_CXX_LANGUAGE_STANDARD = "gnu++14";
				CLANG_CXX_LIBRARY = "libc++";
				CLANG_ENABLE_MODULES = YES;
				CLANG_ENABLE_OBJC_ARC = YES;
				CLANG_ENABLE_OBJC_WEAK = YES;
				CLANG_WARN_BLOCK_CAPTURE_AUTORELEASING = YES;
				CLANG_WARN_BOOL_CONVERSION = YES;
				CLANG_WARN_COMMA = YES;
				CLANG_WARN_CONSTANT_CONVERSION = YES;
				CLANG_WARN_DEPRECATED_OBJC_IMPLEMENTATIONS = YES;
				CLANG_WARN_DIRECT_OBJC_ISA_USAGE = YES_ERROR;
				CLANG_WARN_DOCUMENTATION_COMMENTS = YES;
				CLANG_WARN_EMPTY_BODY = YES;
				CLANG_WARN_ENUM_CONVERSION = YES;
				CLANG_WARN_INFINITE_RECURSION = YES;
				CLANG_WARN_INT_CONVERSION = YES;
				CLANG_WARN_NON_LITERAL_NULL_CONVERSION = YES;
				CLANG_WARN_OBJC_IMPLICIT_RETAIN_SELF = YES;
				CLANG_WARN_OBJC_LITERAL_CONVERSION = YES;
				CLANG_WARN_OBJC_ROOT_CLASS = YES_ERROR;
				CLANG_WARN_QUOTED_INCLUDE_IN_FRAMEWORK_HEADER = YES;
				CLANG_WARN_RANGE_LOOP_ANALYSIS = YES;
				CLANG_WARN_STRICT_PROTOTYPES = YES;
				CLANG_WARN_SUSPICIOUS_MOVE = YES;
				CLANG_WARN_UNGUARDED_AVAILABILITY = YES_AGGRESSIVE;
				CLANG_WARN_UNREACHABLE_CODE = YES;
				CLANG_WARN__DUPLICATE_METHOD_MATCH = YES;
				COPY_PHASE_STRIP = NO;
				DEBUG_INFORMATION_FORMAT = "dwarf-with-dsym";
				ENABLE_NS_ASSERTIONS = NO;
				ENABLE_STRICT_OBJC_MSGSEND = YES;
				GCC_C_LANGUAGE_STANDARD = gnu11;
				GCC_NO_COMMON_BLOCKS = YES;
				GCC_WARN_64_TO_32_BIT_CONVERSION = YES;
				GCC_WARN_ABOUT_RETURN_TYPE = YES_ERROR;
				GCC_WARN_UNDECLARED_SELECTOR = YES;
				GCC_WARN_UNINITIALIZED_AUTOS = YES_AGGRESSIVE;
				GCC_WARN_UNUSED_FUNCTION = YES;
				GCC_WARN_UNUSED_VARIABLE = YES;
				IPHONEOS_DEPLOYMENT_TARGET = 14.4;
				MTL_ENABLE_DEBUG_INFO = NO;
				MTL_FAST_MATH = YES;
				SDKROOT = iphoneos;
				SWIFT_COMPILATION_MODE = wholemodule;
				SWIFT_OPTIMIZATION_LEVEL = "-O";
				VALIDATE_PRODUCT = YES;
			};
			name = Release;
		};
		6F745DCB26B2E1D80084D678 /* Debug */ = {
			isa = XCBuildConfiguration;
			baseConfigurationReference = 89FECBC31D8C4079DC8132BC /* Pods-Assignment3.debug.xcconfig */;
			buildSettings = {
				ASSETCATALOG_COMPILER_APPICON_NAME = AppIcon;
				ASSETCATALOG_COMPILER_GLOBAL_ACCENT_COLOR_NAME = AccentColor;
				CODE_SIGN_STYLE = Automatic;
				DEVELOPMENT_TEAM = 6CJRM8A9K7;
				INFOPLIST_FILE = Assignment3/Info.plist;
				LD_RUNPATH_SEARCH_PATHS = (
					"$(inherited)",
					"@executable_path/Frameworks",
				);
				PRODUCT_BUNDLE_IDENTIFIER = com.mustafayanar.Assignment3;
				PRODUCT_NAME = "$(TARGET_NAME)";
				SWIFT_VERSION = 5.0;
				TARGETED_DEVICE_FAMILY = "1,2";
			};
			name = Debug;
		};
		6F745DCC26B2E1D80084D678 /* Release */ = {
			isa = XCBuildConfiguration;
			baseConfigurationReference = 2E472A25EEF087FF7FF711D1 /* Pods-Assignment3.release.xcconfig */;
			buildSettings = {
				ASSETCATALOG_COMPILER_APPICON_NAME = AppIcon;
				ASSETCATALOG_COMPILER_GLOBAL_ACCENT_COLOR_NAME = AccentColor;
				CODE_SIGN_STYLE = Automatic;
				DEVELOPMENT_TEAM = 6CJRM8A9K7;
				INFOPLIST_FILE = Assignment3/Info.plist;
				LD_RUNPATH_SEARCH_PATHS = (
					"$(inherited)",
					"@executable_path/Frameworks",
				);
				PRODUCT_BUNDLE_IDENTIFIER = com.mustafayanar.Assignment3;
				PRODUCT_NAME = "$(TARGET_NAME)";
				SWIFT_VERSION = 5.0;
				TARGETED_DEVICE_FAMILY = "1,2";
			};
			name = Release;
		};
/* End XCBuildConfiguration section */

/* Begin XCConfigurationList section */
		6F745DB126B2E1D60084D678 /* Build configuration list for PBXProject "Assignment3" */ = {
			isa = XCConfigurationList;
			buildConfigurations = (
				6F745DC826B2E1D80084D678 /* Debug */,
				6F745DC926B2E1D80084D678 /* Release */,
			);
			defaultConfigurationIsVisible = 0;
			defaultConfigurationName = Release;
		};
		6F745DCA26B2E1D80084D678 /* Build configuration list for PBXNativeTarget "Assignment3" */ = {
			isa = XCConfigurationList;
			buildConfigurations = (
				6F745DCB26B2E1D80084D678 /* Debug */,
				6F745DCC26B2E1D80084D678 /* Release */,
			);
			defaultConfigurationIsVisible = 0;
			defaultConfigurationName = Release;
		};
/* End XCConfigurationList section */
	};
	rootObject = 6F745DAE26B2E1D60084D678 /* Project object */;
}
