// !$*UTF8*$!
{
	archiveVersion = 1;
	classes = {
	};
	objectVersion = 51;
	objects = {

/* Begin PBXBuildFile section */
		1B79146A36BE8154ED48E52B /* Pods_MovieApp.framework in Frameworks */ = {isa = PBXBuildFile; fileRef = 01C6DEFB5DB581B84D5F2B0E /* Pods_MovieApp.framework */; };
		6F0D49EC26BA7AC400C4528D /* DetailsViewController.swift in Sources */ = {isa = PBXBuildFile; fileRef = 6F0D49EB26BA7AC400C4528D /* DetailsViewController.swift */; };
		6F23186C26BDBB6700B355D0 /* Trailer.swift in Sources */ = {isa = PBXBuildFile; fileRef = 6F23186B26BDBB6700B355D0 /* Trailer.swift */; };
		6F5728C126B47C01005D3D7F /* Constants.swift in Sources */ = {isa = PBXBuildFile; fileRef = 6F5728C026B47C01005D3D7F /* Constants.swift */; };
		6F5734D226B7049F00A3B54A /* MovieNetwork.swift in Sources */ = {isa = PBXBuildFile; fileRef = 6F5734D126B7049F00A3B54A /* MovieNetwork.swift */; };
		6FBE3CDB26B6B24A00548A0A /* MovieCollectionCell.swift in Sources */ = {isa = PBXBuildFile; fileRef = 6FBE3CD926B6B24A00548A0A /* MovieCollectionCell.swift */; };
		6FBE3CDC26B6B24A00548A0A /* MovieCollectionCell.xib in Resources */ = {isa = PBXBuildFile; fileRef = 6FBE3CDA26B6B24A00548A0A /* MovieCollectionCell.xib */; };
		6FBE3CDF26B6BA7A00548A0A /* FavoriteViewController.swift in Sources */ = {isa = PBXBuildFile; fileRef = 6FBE3CDE26B6BA7A00548A0A /* FavoriteViewController.swift */; };
		6FD033E926B44472008D377A /* AppDelegate.swift in Sources */ = {isa = PBXBuildFile; fileRef = 6FD033E826B44472008D377A /* AppDelegate.swift */; };
		6FD033EB26B44472008D377A /* SceneDelegate.swift in Sources */ = {isa = PBXBuildFile; fileRef = 6FD033EA26B44472008D377A /* SceneDelegate.swift */; };
		6FD033ED26B44472008D377A /* ViewController.swift in Sources */ = {isa = PBXBuildFile; fileRef = 6FD033EC26B44472008D377A /* ViewController.swift */; };
		6FD033F026B44472008D377A /* Main.storyboard in Resources */ = {isa = PBXBuildFile; fileRef = 6FD033EE26B44472008D377A /* Main.storyboard */; };
		6FD033F326B44472008D377A /* MovieApp.xcdatamodeld in Sources */ = {isa = PBXBuildFile; fileRef = 6FD033F126B44472008D377A /* MovieApp.xcdatamodeld */; };
		6FD033F526B44473008D377A /* Assets.xcassets in Resources */ = {isa = PBXBuildFile; fileRef = 6FD033F426B44473008D377A /* Assets.xcassets */; };
		6FD033F826B44473008D377A /* LaunchScreen.storyboard in Resources */ = {isa = PBXBuildFile; fileRef = 6FD033F626B44473008D377A /* LaunchScreen.storyboard */; };
		6FF0ECC826BD272000742284 /* Detail.swift in Sources */ = {isa = PBXBuildFile; fileRef = 6FF0ECC726BD272000742284 /* Detail.swift */; };
		6FFCE81326B74595003748BA /* Movie.swift in Sources */ = {isa = PBXBuildFile; fileRef = 6FFCE81226B74595003748BA /* Movie.swift */; };
/* End PBXBuildFile section */

/* Begin PBXFileReference section */
		01C6DEFB5DB581B84D5F2B0E /* Pods_MovieApp.framework */ = {isa = PBXFileReference; explicitFileType = wrapper.framework; includeInIndex = 0; path = Pods_MovieApp.framework; sourceTree = BUILT_PRODUCTS_DIR; };
		09D4FBD98D69EBF974F43E40 /* Pods-MovieApp.release.xcconfig */ = {isa = PBXFileReference; includeInIndex = 1; lastKnownFileType = text.xcconfig; name = "Pods-MovieApp.release.xcconfig"; path = "Target Support Files/Pods-MovieApp/Pods-MovieApp.release.xcconfig"; sourceTree = "<group>"; };
		6F0D49EB26BA7AC400C4528D /* DetailsViewController.swift */ = {isa = PBXFileReference; lastKnownFileType = sourcecode.swift; path = DetailsViewController.swift; sourceTree = "<group>"; };
		6F23186B26BDBB6700B355D0 /* Trailer.swift */ = {isa = PBXFileReference; lastKnownFileType = sourcecode.swift; path = Trailer.swift; sourceTree = "<group>"; };
		6F3E211926C57A1200157E24 /* tr */ = {isa = PBXFileReference; lastKnownFileType = text.plist.strings; name = tr; path = tr.lproj/Main.strings; sourceTree = "<group>"; };
		6F5728C026B47C01005D3D7F /* Constants.swift */ = {isa = PBXFileReference; lastKnownFileType = sourcecode.swift; path = Constants.swift; sourceTree = "<group>"; };
		6F5734D126B7049F00A3B54A /* MovieNetwork.swift */ = {isa = PBXFileReference; lastKnownFileType = sourcecode.swift; path = MovieNetwork.swift; sourceTree = "<group>"; };
		6FBE3CD926B6B24A00548A0A /* MovieCollectionCell.swift */ = {isa = PBXFileReference; lastKnownFileType = sourcecode.swift; path = MovieCollectionCell.swift; sourceTree = "<group>"; };
		6FBE3CDA26B6B24A00548A0A /* MovieCollectionCell.xib */ = {isa = PBXFileReference; lastKnownFileType = file.xib; path = MovieCollectionCell.xib; sourceTree = "<group>"; };
		6FBE3CDE26B6BA7A00548A0A /* FavoriteViewController.swift */ = {isa = PBXFileReference; lastKnownFileType = sourcecode.swift; path = FavoriteViewController.swift; sourceTree = "<group>"; };
		6FD033E526B44472008D377A /* MovieApp.app */ = {isa = PBXFileReference; explicitFileType = wrapper.application; includeInIndex = 0; path = MovieApp.app; sourceTree = BUILT_PRODUCTS_DIR; };
		6FD033E826B44472008D377A /* AppDelegate.swift */ = {isa = PBXFileReference; lastKnownFileType = sourcecode.swift; path = AppDelegate.swift; sourceTree = "<group>"; };
		6FD033EA26B44472008D377A /* SceneDelegate.swift */ = {isa = PBXFileReference; lastKnownFileType = sourcecode.swift; path = SceneDelegate.swift; sourceTree = "<group>"; };
		6FD033EC26B44472008D377A /* ViewController.swift */ = {isa = PBXFileReference; lastKnownFileType = sourcecode.swift; path = ViewController.swift; sourceTree = "<group>"; };
		6FD033EF26B44472008D377A /* Base */ = {isa = PBXFileReference; lastKnownFileType = file.storyboard; name = Base; path = Base.lproj/Main.storyboard; sourceTree = "<group>"; };
		6FD033F226B44472008D377A /* MovieApp.xcdatamodel */ = {isa = PBXFileReference; lastKnownFileType = wrapper.xcdatamodel; path = MovieApp.xcdatamodel; sourceTree = "<group>"; };
		6FD033F426B44473008D377A /* Assets.xcassets */ = {isa = PBXFileReference; lastKnownFileType = folder.assetcatalog; path = Assets.xcassets; sourceTree = "<group>"; };
		6FD033F726B44473008D377A /* Base */ = {isa = PBXFileReference; lastKnownFileType = file.storyboard; name = Base; path = Base.lproj/LaunchScreen.storyboard; sourceTree = "<group>"; };
		6FD033F926B44473008D377A /* Info.plist */ = {isa = PBXFileReference; lastKnownFileType = text.plist.xml; path = Info.plist; sourceTree = "<group>"; };
		6FF0ECC726BD272000742284 /* Detail.swift */ = {isa = PBXFileReference; lastKnownFileType = sourcecode.swift; path = Detail.swift; sourceTree = "<group>"; };
		6FFCE81226B74595003748BA /* Movie.swift */ = {isa = PBXFileReference; lastKnownFileType = sourcecode.swift; path = Movie.swift; sourceTree = "<group>"; };
		C7C3256A0D4EEA2597094392 /* Pods-MovieApp.debug.xcconfig */ = {isa = PBXFileReference; includeInIndex = 1; lastKnownFileType = text.xcconfig; name = "Pods-MovieApp.debug.xcconfig"; path = "Target Support Files/Pods-MovieApp/Pods-MovieApp.debug.xcconfig"; sourceTree = "<group>"; };
/* End PBXFileReference section */

/* Begin PBXFrameworksBuildPhase section */
		6FD033E226B44472008D377A /* Frameworks */ = {
			isa = PBXFrameworksBuildPhase;
			buildActionMask = 2147483647;
			files = (
				1B79146A36BE8154ED48E52B /* Pods_MovieApp.framework in Frameworks */,
			);
			runOnlyForDeploymentPostprocessing = 0;
		};
/* End PBXFrameworksBuildPhase section */

/* Begin PBXGroup section */
		6FD033DC26B44472008D377A = {
			isa = PBXGroup;
			children = (
				6FD033E726B44472008D377A /* MovieApp */,
				6FD033E626B44472008D377A /* Products */,
				761BBF93A224A8C274FC3B5B /* Pods */,
				A929D3D13F382775ED3EA243 /* Frameworks */,
			);
			sourceTree = "<group>";
		};
		6FD033E626B44472008D377A /* Products */ = {
			isa = PBXGroup;
			children = (
				6FD033E526B44472008D377A /* MovieApp.app */,
			);
			name = Products;
			sourceTree = "<group>";
		};
		6FD033E726B44472008D377A /* MovieApp */ = {
			isa = PBXGroup;
			children = (
				6FFCE81D26B750BB003748BA /* Network */,
				6FFCE81C26B750A1003748BA /* Model */,
				6FD033F926B44473008D377A /* Info.plist */,
				6FFCE81A26B75001003748BA /* Defaults */,
				6FFCE81826B74FDA003748BA /* Control */,
				6FD033EE26B44472008D377A /* Main.storyboard */,
				6FD033F426B44473008D377A /* Assets.xcassets */,
				6FD033F126B44472008D377A /* MovieApp.xcdatamodeld */,
				6FFCE81526B74FA3003748BA /* Utilities */,
				6FFCE81626B74FBF003748BA /* MovieCollectionCell */,
			);
			path = MovieApp;
			sourceTree = "<group>";
		};
		6FFCE81526B74FA3003748BA /* Utilities */ = {
			isa = PBXGroup;
			children = (
				6F5728C026B47C01005D3D7F /* Constants.swift */,
			);
			path = Utilities;
			sourceTree = "<group>";
		};
		6FFCE81626B74FBF003748BA /* MovieCollectionCell */ = {
			isa = PBXGroup;
			children = (
				6FBE3CD926B6B24A00548A0A /* MovieCollectionCell.swift */,
				6FBE3CDA26B6B24A00548A0A /* MovieCollectionCell.xib */,
			);
			path = MovieCollectionCell;
			sourceTree = "<group>";
		};
		6FFCE81826B74FDA003748BA /* Control */ = {
			isa = PBXGroup;
			children = (
				6FD033EC26B44472008D377A /* ViewController.swift */,
				6FBE3CDE26B6BA7A00548A0A /* FavoriteViewController.swift */,
				6F0D49EB26BA7AC400C4528D /* DetailsViewController.swift */,
			);
			path = Control;
			sourceTree = "<group>";
		};
		6FFCE81A26B75001003748BA /* Defaults */ = {
			isa = PBXGroup;
			children = (
				6FD033E826B44472008D377A /* AppDelegate.swift */,
				6FD033EA26B44472008D377A /* SceneDelegate.swift */,
				6FD033F626B44473008D377A /* LaunchScreen.storyboard */,
			);
			path = Defaults;
			sourceTree = "<group>";
		};
		6FFCE81C26B750A1003748BA /* Model */ = {
			isa = PBXGroup;
			children = (
				6FFCE81226B74595003748BA /* Movie.swift */,
				6FF0ECC726BD272000742284 /* Detail.swift */,
				6F23186B26BDBB6700B355D0 /* Trailer.swift */,
			);
			path = Model;
			sourceTree = "<group>";
		};
		6FFCE81D26B750BB003748BA /* Network */ = {
			isa = PBXGroup;
			children = (
				6F5734D126B7049F00A3B54A /* MovieNetwork.swift */,
			);
			path = Network;
			sourceTree = "<group>";
		};
		761BBF93A224A8C274FC3B5B /* Pods */ = {
			isa = PBXGroup;
			children = (
				C7C3256A0D4EEA2597094392 /* Pods-MovieApp.debug.xcconfig */,
				09D4FBD98D69EBF974F43E40 /* Pods-MovieApp.release.xcconfig */,
			);
			path = Pods;
			sourceTree = "<group>";
		};
		A929D3D13F382775ED3EA243 /* Frameworks */ = {
			isa = PBXGroup;
			children = (
				01C6DEFB5DB581B84D5F2B0E /* Pods_MovieApp.framework */,
			);
			name = Frameworks;
			sourceTree = "<group>";
		};
/* End PBXGroup section */

/* Begin PBXNativeTarget section */
		6FD033E426B44472008D377A /* MovieApp */ = {
			isa = PBXNativeTarget;
			buildConfigurationList = 6FD033FC26B44473008D377A /* Build configuration list for PBXNativeTarget "MovieApp" */;
			buildPhases = (
				4C3B7C1DA8273C65FAD76E60 /* [CP] Check Pods Manifest.lock */,
				6FD033E126B44472008D377A /* Sources */,
				6FD033E226B44472008D377A /* Frameworks */,
				6FD033E326B44472008D377A /* Resources */,
				E0A15989D5277E980D3FB25B /* [CP] Embed Pods Frameworks */,
				6FE1D1E726B9436B006A4824 /* SwiftLint */,
			);
			buildRules = (
			);
			dependencies = (
			);
			name = MovieApp;
			productName = MovieApp;
			productReference = 6FD033E526B44472008D377A /* MovieApp.app */;
			productType = "com.apple.product-type.application";
		};
/* End PBXNativeTarget section */

/* Begin PBXProject section */
		6FD033DD26B44472008D377A /* Project object */ = {
			isa = PBXProject;
			attributes = {
				LastSwiftUpdateCheck = 1240;
				LastUpgradeCheck = 1240;
				TargetAttributes = {
					6FD033E426B44472008D377A = {
						CreatedOnToolsVersion = 12.4;
					};
				};
			};
			buildConfigurationList = 6FD033E026B44472008D377A /* Build configuration list for PBXProject "MovieApp" */;
			compatibilityVersion = "Xcode 9.3";
			developmentRegion = en;
			hasScannedForEncodings = 0;
			knownRegions = (
				en,
				Base,
				tr,
			);
			mainGroup = 6FD033DC26B44472008D377A;
			productRefGroup = 6FD033E626B44472008D377A /* Products */;
			projectDirPath = "";
			projectRoot = "";
			targets = (
				6FD033E426B44472008D377A /* MovieApp */,
			);
		};
/* End PBXProject section */

/* Begin PBXResourcesBuildPhase section */
		6FD033E326B44472008D377A /* Resources */ = {
			isa = PBXResourcesBuildPhase;
			buildActionMask = 2147483647;
			files = (
				6FBE3CDC26B6B24A00548A0A /* MovieCollectionCell.xib in Resources */,
				6FD033F826B44473008D377A /* LaunchScreen.storyboard in Resources */,
				6FD033F526B44473008D377A /* Assets.xcassets in Resources */,
				6FD033F026B44472008D377A /* Main.storyboard in Resources */,
			);
			runOnlyForDeploymentPostprocessing = 0;
		};
/* End PBXResourcesBuildPhase section */

/* Begin PBXShellScriptBuildPhase section */
		4C3B7C1DA8273C65FAD76E60 /* [CP] Check Pods Manifest.lock */ = {
			isa = PBXShellScriptBuildPhase;
			buildActionMask = 2147483647;
			files = (
			);
			inputFileListPaths = (
			);
			inputPaths = (
				"${PODS_PODFILE_DIR_PATH}/Podfile.lock",
				"${PODS_ROOT}/Manifest.lock",
			);
			name = "[CP] Check Pods Manifest.lock";
			outputFileListPaths = (
			);
			outputPaths = (
				"$(DERIVED_FILE_DIR)/Pods-MovieApp-checkManifestLockResult.txt",
			);
			runOnlyForDeploymentPostprocessing = 0;
			shellPath = /bin/sh;
			shellScript = "diff \"${PODS_PODFILE_DIR_PATH}/Podfile.lock\" \"${PODS_ROOT}/Manifest.lock\" > /dev/null\nif [ $? != 0 ] ; then\n    # print error to STDERR\n    echo \"error: The sandbox is not in sync with the Podfile.lock. Run 'pod install' or update your CocoaPods installation.\" >&2\n    exit 1\nfi\n# This output is used by Xcode 'outputs' to avoid re-running this script phase.\necho \"SUCCESS\" > \"${SCRIPT_OUTPUT_FILE_0}\"\n";
			showEnvVarsInLog = 0;
		};
		6FE1D1E726B9436B006A4824 /* SwiftLint */ = {
			isa = PBXShellScriptBuildPhase;
			buildActionMask = 2147483647;
			files = (
			);
			inputFileListPaths = (
			);
			inputPaths = (
			);
			name = SwiftLint;
			outputFileListPaths = (
			);
			outputPaths = (
			);
			runOnlyForDeploymentPostprocessing = 0;
			shellPath = /bin/sh;
			shellScript = "# Type a script or drag a script file from your workspace to insert its path.\nif which swiftlint >/dev/null; then\n  swiftlint\nelse\n  echo \"warning: SwiftLint not installed, download from https://github.com/realm/SwiftLint\"\nfi\n";
		};
		E0A15989D5277E980D3FB25B /* [CP] Embed Pods Frameworks */ = {
			isa = PBXShellScriptBuildPhase;
			buildActionMask = 2147483647;
			files = (
			);
			inputFileListPaths = (
				"${PODS_ROOT}/Target Support Files/Pods-MovieApp/Pods-MovieApp-frameworks-${CONFIGURATION}-input-files.xcfilelist",
			);
			name = "[CP] Embed Pods Frameworks";
			outputFileListPaths = (
				"${PODS_ROOT}/Target Support Files/Pods-MovieApp/Pods-MovieApp-frameworks-${CONFIGURATION}-output-files.xcfilelist",
			);
			runOnlyForDeploymentPostprocessing = 0;
			shellPath = /bin/sh;
			shellScript = "\"${PODS_ROOT}/Target Support Files/Pods-MovieApp/Pods-MovieApp-frameworks.sh\"\n";
			showEnvVarsInLog = 0;
		};
/* End PBXShellScriptBuildPhase section */

/* Begin PBXSourcesBuildPhase section */
		6FD033E126B44472008D377A /* Sources */ = {
			isa = PBXSourcesBuildPhase;
			buildActionMask = 2147483647;
			files = (
				6FBE3CDB26B6B24A00548A0A /* MovieCollectionCell.swift in Sources */,
				6F5728C126B47C01005D3D7F /* Constants.swift in Sources */,
				6FFCE81326B74595003748BA /* Movie.swift in Sources */,
				6FD033ED26B44472008D377A /* ViewController.swift in Sources */,
				6FBE3CDF26B6BA7A00548A0A /* FavoriteViewController.swift in Sources */,
				6FD033E926B44472008D377A /* AppDelegate.swift in Sources */,
				6FD033F326B44472008D377A /* MovieApp.xcdatamodeld in Sources */,
				6F23186C26BDBB6700B355D0 /* Trailer.swift in Sources */,
				6FD033EB26B44472008D377A /* SceneDelegate.swift in Sources */,
				6F5734D226B7049F00A3B54A /* MovieNetwork.swift in Sources */,
				6F0D49EC26BA7AC400C4528D /* DetailsViewController.swift in Sources */,
				6FF0ECC826BD272000742284 /* Detail.swift in Sources */,
			);
			runOnlyForDeploymentPostprocessing = 0;
		};
/* End PBXSourcesBuildPhase section */

/* Begin PBXVariantGroup section */
		6FD033EE26B44472008D377A /* Main.storyboard */ = {
			isa = PBXVariantGroup;
			children = (
				6FD033EF26B44472008D377A /* Base */,
				6F3E211926C57A1200157E24 /* tr */,
			);
			name = Main.storyboard;
			sourceTree = "<group>";
		};
		6FD033F626B44473008D377A /* LaunchScreen.storyboard */ = {
			isa = PBXVariantGroup;
			children = (
				6FD033F726B44473008D377A /* Base */,
			);
			name = LaunchScreen.storyboard;
			sourceTree = "<group>";
		};
/* End PBXVariantGroup section */

/* Begin XCBuildConfiguration section */
		6FD033FA26B44473008D377A /* Debug */ = {
			isa = XCBuildConfiguration;
			buildSettings = {
				ALWAYS_SEARCH_USER_PATHS = NO;
				CLANG_ANALYZER_LOCALIZABILITY_NONLOCALIZED = YES;
				CLANG_ANALYZER_NONNULL = YES;
				CLANG_ANALYZER_NUMBER_OBJECT_CONVERSION = YES_AGGRESSIVE;
				CLANG_CXX_LANGUAGE_STANDARD = "gnu++14";
				CLANG_CXX_LIBRARY = "libc++";
				CLANG_ENABLE_MODULES = YES;
				CLANG_ENABLE_OBJC_ARC = YES;
				CLANG_ENABLE_OBJC_WEAK = YES;
				CLANG_WARN_BLOCK_CAPTURE_AUTORELEASING = YES;
				CLANG_WARN_BOOL_CONVERSION = YES;
				CLANG_WARN_COMMA = YES;
				CLANG_WARN_CONSTANT_CONVERSION = YES;
				CLANG_WARN_DEPRECATED_OBJC_IMPLEMENTATIONS = YES;
				CLANG_WARN_DIRECT_OBJC_ISA_USAGE = YES_ERROR;
				CLANG_WARN_DOCUMENTATION_COMMENTS = YES;
				CLANG_WARN_EMPTY_BODY = YES;
				CLANG_WARN_ENUM_CONVERSION = YES;
				CLANG_WARN_INFINITE_RECURSION = YES;
				CLANG_WARN_INT_CONVERSION = YES;
				CLANG_WARN_NON_LITERAL_NULL_CONVERSION = YES;
				CLANG_WARN_OBJC_IMPLICIT_RETAIN_SELF = YES;
				CLANG_WARN_OBJC_LITERAL_CONVERSION = YES;
				CLANG_WARN_OBJC_ROOT_CLASS = YES_ERROR;
				CLANG_WARN_QUOTED_INCLUDE_IN_FRAMEWORK_HEADER = YES;
				CLANG_WARN_RANGE_LOOP_ANALYSIS = YES;
				CLANG_WARN_STRICT_PROTOTYPES = YES;
				CLANG_WARN_SUSPICIOUS_MOVE = YES;
				CLANG_WARN_UNGUARDED_AVAILABILITY = YES_AGGRESSIVE;
				CLANG_WARN_UNREACHABLE_CODE = YES;
				CLANG_WARN__DUPLICATE_METHOD_MATCH = YES;
				COPY_PHASE_STRIP = NO;
				DEBUG_INFORMATION_FORMAT = dwarf;
				ENABLE_STRICT_OBJC_MSGSEND = YES;
				ENABLE_TESTABILITY = YES;
				GCC_C_LANGUAGE_STANDARD = gnu11;
				GCC_DYNAMIC_NO_PIC = NO;
				GCC_NO_COMMON_BLOCKS = YES;
				GCC_OPTIMIZATION_LEVEL = 0;
				GCC_PREPROCESSOR_DEFINITIONS = (
					"DEBUG=1",
					"$(inherited)",
				);
				GCC_WARN_64_TO_32_BIT_CONVERSION = YES;
				GCC_WARN_ABOUT_RETURN_TYPE = YES_ERROR;
				GCC_WARN_UNDECLARED_SELECTOR = YES;
				GCC_WARN_UNINITIALIZED_AUTOS = YES_AGGRESSIVE;
				GCC_WARN_UNUSED_FUNCTION = YES;
				GCC_WARN_UNUSED_VARIABLE = YES;
				IPHONEOS_DEPLOYMENT_TARGET = 14.4;
				MTL_ENABLE_DEBUG_INFO = INCLUDE_SOURCE;
				MTL_FAST_MATH = YES;
				ONLY_ACTIVE_ARCH = YES;
				SDKROOT = iphoneos;
				SWIFT_ACTIVE_COMPILATION_CONDITIONS = DEBUG;
				SWIFT_OPTIMIZATION_LEVEL = "-Onone";
			};
			name = Debug;
		};
		6FD033FB26B44473008D377A /* Release */ = {
			isa = XCBuildConfiguration;
			buildSettings = {
				ALWAYS_SEARCH_USER_PATHS = NO;
				CLANG_ANALYZER_LOCALIZABILITY_NONLOCALIZED = YES;
				CLANG_ANALYZER_NONNULL = YES;
				CLANG_ANALYZER_NUMBER_OBJECT_CONVERSION = YES_AGGRESSIVE;
				CLANG_CXX_LANGUAGE_STANDARD = "gnu++14";
				CLANG_CXX_LIBRARY = "libc++";
				CLANG_ENABLE_MODULES = YES;
				CLANG_ENABLE_OBJC_ARC = YES;
				CLANG_ENABLE_OBJC_WEAK = YES;
				CLANG_WARN_BLOCK_CAPTURE_AUTORELEASING = YES;
				CLANG_WARN_BOOL_CONVERSION = YES;
				CLANG_WARN_COMMA = YES;
				CLANG_WARN_CONSTANT_CONVERSION = YES;
				CLANG_WARN_DEPRECATED_OBJC_IMPLEMENTATIONS = YES;
				CLANG_WARN_DIRECT_OBJC_ISA_USAGE = YES_ERROR;
				CLANG_WARN_DOCUMENTATION_COMMENTS = YES;
				CLANG_WARN_EMPTY_BODY = YES;
				CLANG_WARN_ENUM_CONVERSION = YES;
				CLANG_WARN_INFINITE_RECURSION = YES;
				CLANG_WARN_INT_CONVERSION = YES;
				CLANG_WARN_NON_LITERAL_NULL_CONVERSION = YES;
				CLANG_WARN_OBJC_IMPLICIT_RETAIN_SELF = YES;
				CLANG_WARN_OBJC_LITERAL_CONVERSION = YES;
				CLANG_WARN_OBJC_ROOT_CLASS = YES_ERROR;
				CLANG_WARN_QUOTED_INCLUDE_IN_FRAMEWORK_HEADER = YES;
				CLANG_WARN_RANGE_LOOP_ANALYSIS = YES;
				CLANG_WARN_STRICT_PROTOTYPES = YES;
				CLANG_WARN_SUSPICIOUS_MOVE = YES;
				CLANG_WARN_UNGUARDED_AVAILABILITY = YES_AGGRESSIVE;
				CLANG_WARN_UNREACHABLE_CODE = YES;
				CLANG_WARN__DUPLICATE_METHOD_MATCH = YES;
				COPY_PHASE_STRIP = NO;
				DEBUG_INFORMATION_FORMAT = "dwarf-with-dsym";
				ENABLE_NS_ASSERTIONS = NO;
				ENABLE_STRICT_OBJC_MSGSEND = YES;
				GCC_C_LANGUAGE_STANDARD = gnu11;
				GCC_NO_COMMON_BLOCKS = YES;
				GCC_WARN_64_TO_32_BIT_CONVERSION = YES;
				GCC_WARN_ABOUT_RETURN_TYPE = YES_ERROR;
				GCC_WARN_UNDECLARED_SELECTOR = YES;
				GCC_WARN_UNINITIALIZED_AUTOS = YES_AGGRESSIVE;
				GCC_WARN_UNUSED_FUNCTION = YES;
				GCC_WARN_UNUSED_VARIABLE = YES;
				IPHONEOS_DEPLOYMENT_TARGET = 14.4;
				MTL_ENABLE_DEBUG_INFO = NO;
				MTL_FAST_MATH = YES;
				SDKROOT = iphoneos;
				SWIFT_COMPILATION_MODE = wholemodule;
				SWIFT_OPTIMIZATION_LEVEL = "-O";
				VALIDATE_PRODUCT = YES;
			};
			name = Release;
		};
		6FD033FD26B44473008D377A /* Debug */ = {
			isa = XCBuildConfiguration;
			baseConfigurationReference = C7C3256A0D4EEA2597094392 /* Pods-MovieApp.debug.xcconfig */;
			buildSettings = {
				ASSETCATALOG_COMPILER_APPICON_NAME = AppIcon;
				ASSETCATALOG_COMPILER_GLOBAL_ACCENT_COLOR_NAME = AccentColor;
				CODE_SIGN_STYLE = Automatic;
				DEVELOPMENT_TEAM = 6CJRM8A9K7;
				INFOPLIST_FILE = MovieApp/Info.plist;
				IPHONEOS_DEPLOYMENT_TARGET = 13.0;
				LD_RUNPATH_SEARCH_PATHS = (
					"$(inherited)",
					"@executable_path/Frameworks",
				);
				PRODUCT_BUNDLE_IDENTIFIER = com.mustafayanar.MovieApp;
				PRODUCT_NAME = "$(TARGET_NAME)";
				SWIFT_VERSION = 5.0;
				TARGETED_DEVICE_FAMILY = "1,2";
			};
			name = Debug;
		};
		6FD033FE26B44473008D377A /* Release */ = {
			isa = XCBuildConfiguration;
			baseConfigurationReference = 09D4FBD98D69EBF974F43E40 /* Pods-MovieApp.release.xcconfig */;
			buildSettings = {
				ASSETCATALOG_COMPILER_APPICON_NAME = AppIcon;
				ASSETCATALOG_COMPILER_GLOBAL_ACCENT_COLOR_NAME = AccentColor;
				CODE_SIGN_STYLE = Automatic;
				DEVELOPMENT_TEAM = 6CJRM8A9K7;
				INFOPLIST_FILE = MovieApp/Info.plist;
				IPHONEOS_DEPLOYMENT_TARGET = 13.0;
				LD_RUNPATH_SEARCH_PATHS = (
					"$(inherited)",
					"@executable_path/Frameworks",
				);
				PRODUCT_BUNDLE_IDENTIFIER = com.mustafayanar.MovieApp;
				PRODUCT_NAME = "$(TARGET_NAME)";
				SWIFT_VERSION = 5.0;
				TARGETED_DEVICE_FAMILY = "1,2";
			};
			name = Release;
		};
/* End XCBuildConfiguration section */

/* Begin XCConfigurationList section */
		6FD033E026B44472008D377A /* Build configuration list for PBXProject "MovieApp" */ = {
			isa = XCConfigurationList;
			buildConfigurations = (
				6FD033FA26B44473008D377A /* Debug */,
				6FD033FB26B44473008D377A /* Release */,
			);
			defaultConfigurationIsVisible = 0;
			defaultConfigurationName = Release;
		};
		6FD033FC26B44473008D377A /* Build configuration list for PBXNativeTarget "MovieApp" */ = {
			isa = XCConfigurationList;
			buildConfigurations = (
				6FD033FD26B44473008D377A /* Debug */,
				6FD033FE26B44473008D377A /* Release */,
			);
			defaultConfigurationIsVisible = 0;
			defaultConfigurationName = Release;
		};
/* End XCConfigurationList section */

/* Begin XCVersionGroup section */
		6FD033F126B44472008D377A /* MovieApp.xcdatamodeld */ = {
			isa = XCVersionGroup;
			children = (
				6FD033F226B44472008D377A /* MovieApp.xcdatamodel */,
			);
			currentVersion = 6FD033F226B44472008D377A /* MovieApp.xcdatamodel */;
			path = MovieApp.xcdatamodeld;
			sourceTree = "<group>";
			versionGroupType = wrapper.xcdatamodel;
		};
/* End XCVersionGroup section */
	};
	rootObject = 6FD033DD26B44472008D377A /* Project object */;
}
